// !$*UTF8*$!
{
	archiveVersion = 1;
	classes = {
	};
	objectVersion = 48;
	objects = {

/* Begin PBXBuildFile section */
		18D1B98411C21BA9BD6816E8 /* libPods-TRDataFMDBModel.a in Frameworks */ = {isa = PBXBuildFile; fileRef = 69C427D4F8B7069892FFBA10 /* libPods-TRDataFMDBModel.a */; };
		42ACD7AE1FEBB7370011FC65 /* AppDelegate.m in Sources */ = {isa = PBXBuildFile; fileRef = 42ACD7AD1FEBB7370011FC65 /* AppDelegate.m */; };
		42ACD7B11FEBB7370011FC65 /* ViewController.m in Sources */ = {isa = PBXBuildFile; fileRef = 42ACD7B01FEBB7370011FC65 /* ViewController.m */; };
		42ACD7B41FEBB7370011FC65 /* Main.storyboard in Resources */ = {isa = PBXBuildFile; fileRef = 42ACD7B21FEBB7370011FC65 /* Main.storyboard */; };
		42ACD7B61FEBB7370011FC65 /* Assets.xcassets in Resources */ = {isa = PBXBuildFile; fileRef = 42ACD7B51FEBB7370011FC65 /* Assets.xcassets */; };
		42ACD7B91FEBB7370011FC65 /* LaunchScreen.storyboard in Resources */ = {isa = PBXBuildFile; fileRef = 42ACD7B71FEBB7370011FC65 /* LaunchScreen.storyboard */; };
		42ACD7BC1FEBB7370011FC65 /* main.m in Sources */ = {isa = PBXBuildFile; fileRef = 42ACD7BB1FEBB7370011FC65 /* main.m */; };
		42ACD7E71FEBB7EB0011FC65 /* TRDataFMDBFileUtility.m in Sources */ = {isa = PBXBuildFile; fileRef = 42ACD7DF1FEBB7EB0011FC65 /* TRDataFMDBFileUtility.m */; };
		42ACD7E81FEBB7EB0011FC65 /* TRDataFMDBManager.m in Sources */ = {isa = PBXBuildFile; fileRef = 42ACD7E21FEBB7EB0011FC65 /* TRDataFMDBManager.m */; };
		42ACD7E91FEBB7EB0011FC65 /* TRDataFMDBModel+FileStorage.m in Sources */ = {isa = PBXBuildFile; fileRef = 42ACD7E41FEBB7EB0011FC65 /* TRDataFMDBModel+FileStorage.m */; };
		42ACD7EA1FEBB7EB0011FC65 /* TRDataFMDBModel.m in Sources */ = {isa = PBXBuildFile; fileRef = 42ACD7E61FEBB7EB0011FC65 /* TRDataFMDBModel.m */; };
		42ACD7ED1FEBB9F00011FC65 /* demoModel.m in Sources */ = {isa = PBXBuildFile; fileRef = 42ACD7EB1FEBB9EF0011FC65 /* demoModel.m */; };
/* End PBXBuildFile section */

/* Begin PBXFileReference section */
		33DF22AE7B55722B7EAC9975 /* Pods-TRDataFMDBModel.debug.xcconfig */ = {isa = PBXFileReference; includeInIndex = 1; lastKnownFileType = text.xcconfig; name = "Pods-TRDataFMDBModel.debug.xcconfig"; path = "Pods/Target Support Files/Pods-TRDataFMDBModel/Pods-TRDataFMDBModel.debug.xcconfig"; sourceTree = "<group>"; };
		42ACD7A91FEBB7370011FC65 /* TRDataFMDBModel.app */ = {isa = PBXFileReference; explicitFileType = wrapper.application; includeInIndex = 0; path = TRDataFMDBModel.app; sourceTree = BUILT_PRODUCTS_DIR; };
		42ACD7AC1FEBB7370011FC65 /* AppDelegate.h */ = {isa = PBXFileReference; lastKnownFileType = sourcecode.c.h; path = AppDelegate.h; sourceTree = "<group>"; };
		42ACD7AD1FEBB7370011FC65 /* AppDelegate.m */ = {isa = PBXFileReference; lastKnownFileType = sourcecode.c.objc; path = AppDelegate.m; sourceTree = "<group>"; };
		42ACD7AF1FEBB7370011FC65 /* ViewController.h */ = {isa = PBXFileReference; lastKnownFileType = sourcecode.c.h; path = ViewController.h; sourceTree = "<group>"; };
		42ACD7B01FEBB7370011FC65 /* ViewController.m */ = {isa = PBXFileReference; lastKnownFileType = sourcecode.c.objc; path = ViewController.m; sourceTree = "<group>"; };
		42ACD7B31FEBB7370011FC65 /* Base */ = {isa = PBXFileReference; lastKnownFileType = file.storyboard; name = Base; path = Base.lproj/Main.storyboard; sourceTree = "<group>"; };
		42ACD7B51FEBB7370011FC65 /* Assets.xcassets */ = {isa = PBXFileReference; lastKnownFileType = folder.assetcatalog; path = Assets.xcassets; sourceTree = "<group>"; };
		42ACD7B81FEBB7370011FC65 /* Base */ = {isa = PBXFileReference; lastKnownFileType = file.storyboard; name = Base; path = Base.lproj/LaunchScreen.storyboard; sourceTree = "<group>"; };
		42ACD7BA1FEBB7370011FC65 /* Info.plist */ = {isa = PBXFileReference; lastKnownFileType = text.plist.xml; path = Info.plist; sourceTree = "<group>"; };
		42ACD7BB1FEBB7370011FC65 /* main.m */ = {isa = PBXFileReference; lastKnownFileType = sourcecode.c.objc; path = main.m; sourceTree = "<group>"; };
		42ACD7DE1FEBB7EB0011FC65 /* TRDataFMDBFileUtility.h */ = {isa = PBXFileReference; fileEncoding = 4; lastKnownFileType = sourcecode.c.h; path = TRDataFMDBFileUtility.h; sourceTree = "<group>"; };
		42ACD7DF1FEBB7EB0011FC65 /* TRDataFMDBFileUtility.m */ = {isa = PBXFileReference; fileEncoding = 4; lastKnownFileType = sourcecode.c.objc; path = TRDataFMDBFileUtility.m; sourceTree = "<group>"; };
		42ACD7E01FEBB7EB0011FC65 /* TRDataFMDBHeaders.h */ = {isa = PBXFileReference; fileEncoding = 4; lastKnownFileType = sourcecode.c.h; path = TRDataFMDBHeaders.h; sourceTree = "<group>"; };
		42ACD7E11FEBB7EB0011FC65 /* TRDataFMDBManager.h */ = {isa = PBXFileReference; fileEncoding = 4; lastKnownFileType = sourcecode.c.h; path = TRDataFMDBManager.h; sourceTree = "<group>"; };
		42ACD7E21FEBB7EB0011FC65 /* TRDataFMDBManager.m */ = {isa = PBXFileReference; fileEncoding = 4; lastKnownFileType = sourcecode.c.objc; path = TRDataFMDBManager.m; sourceTree = "<group>"; };
		42ACD7E31FEBB7EB0011FC65 /* TRDataFMDBModel+FileStorage.h */ = {isa = PBXFileReference; fileEncoding = 4; lastKnownFileType = sourcecode.c.h; path = "TRDataFMDBModel+FileStorage.h"; sourceTree = "<group>"; };
		42ACD7E41FEBB7EB0011FC65 /* TRDataFMDBModel+FileStorage.m */ = {isa = PBXFileReference; fileEncoding = 4; lastKnownFileType = sourcecode.c.objc; path = "TRDataFMDBModel+FileStorage.m"; sourceTree = "<group>"; };
		42ACD7E51FEBB7EB0011FC65 /* TRDataFMDBModel.h */ = {isa = PBXFileReference; fileEncoding = 4; lastKnownFileType = sourcecode.c.h; path = TRDataFMDBModel.h; sourceTree = "<group>"; };
		42ACD7E61FEBB7EB0011FC65 /* TRDataFMDBModel.m */ = {isa = PBXFileReference; fileEncoding = 4; lastKnownFileType = sourcecode.c.objc; path = TRDataFMDBModel.m; sourceTree = "<group>"; };
		42ACD7EB1FEBB9EF0011FC65 /* demoModel.m */ = {isa = PBXFileReference; fileEncoding = 4; lastKnownFileType = sourcecode.c.objc; path = demoModel.m; sourceTree = "<group>"; };
		42ACD7EC1FEBB9F00011FC65 /* demoModel.h */ = {isa = PBXFileReference; fileEncoding = 4; lastKnownFileType = sourcecode.c.h; path = demoModel.h; sourceTree = "<group>"; };
		69C427D4F8B7069892FFBA10 /* libPods-TRDataFMDBModel.a */ = {isa = PBXFileReference; explicitFileType = archive.ar; includeInIndex = 0; path = "libPods-TRDataFMDBModel.a"; sourceTree = BUILT_PRODUCTS_DIR; };
		89D1DF5FFD62F3C495C5B1F1 /* Pods-TRDataFMDBModel.release.xcconfig */ = {isa = PBXFileReference; includeInIndex = 1; lastKnownFileType = text.xcconfig; name = "Pods-TRDataFMDBModel.release.xcconfig"; path = "Pods/Target Support Files/Pods-TRDataFMDBModel/Pods-TRDataFMDBModel.release.xcconfig"; sourceTree = "<group>"; };
/* End PBXFileReference section */

/* Begin PBXFrameworksBuildPhase section */
		42ACD7A61FEBB7370011FC65 /* Frameworks */ = {
			isa = PBXFrameworksBuildPhase;
			buildActionMask = 2147483647;
			files = (
				18D1B98411C21BA9BD6816E8 /* libPods-TRDataFMDBModel.a in Frameworks */,
			);
			runOnlyForDeploymentPostprocessing = 0;
		};
/* End PBXFrameworksBuildPhase section */

/* Begin PBXGroup section */
		42ACD7A01FEBB7370011FC65 = {
			isa = PBXGroup;
			children = (
				42ACD7DD1FEBB7EB0011FC65 /* TRFMDBModel */,
				42ACD7AB1FEBB7370011FC65 /* TRDataFMDBModel */,
				42ACD7AA1FEBB7370011FC65 /* Products */,
				58149102B798D8308F49BE28 /* Pods */,
				5751D813E7795273F5095AF4 /* Frameworks */,
			);
			sourceTree = "<group>";
		};
		42ACD7AA1FEBB7370011FC65 /* Products */ = {
			isa = PBXGroup;
			children = (
				42ACD7A91FEBB7370011FC65 /* TRDataFMDBModel.app */,
			);
			name = Products;
			sourceTree = "<group>";
		};
		42ACD7AB1FEBB7370011FC65 /* TRDataFMDBModel */ = {
			isa = PBXGroup;
			children = (
				42ACD7EC1FEBB9F00011FC65 /* demoModel.h */,
				42ACD7EB1FEBB9EF0011FC65 /* demoModel.m */,
				42ACD7AC1FEBB7370011FC65 /* AppDelegate.h */,
				42ACD7AD1FEBB7370011FC65 /* AppDelegate.m */,
				42ACD7AF1FEBB7370011FC65 /* ViewController.h */,
				42ACD7B01FEBB7370011FC65 /* ViewController.m */,
				42ACD7B21FEBB7370011FC65 /* Main.storyboard */,
				42ACD7B51FEBB7370011FC65 /* Assets.xcassets */,
				42ACD7B71FEBB7370011FC65 /* LaunchScreen.storyboard */,
				42ACD7BA1FEBB7370011FC65 /* Info.plist */,
				42ACD7BB1FEBB7370011FC65 /* main.m */,
			);
			path = TRDataFMDBModel;
			sourceTree = "<group>";
		};
		42ACD7DD1FEBB7EB0011FC65 /* TRFMDBModel */ = {
			isa = PBXGroup;
			children = (
				42ACD7DE1FEBB7EB0011FC65 /* TRDataFMDBFileUtility.h */,
				42ACD7DF1FEBB7EB0011FC65 /* TRDataFMDBFileUtility.m */,
				42ACD7E01FEBB7EB0011FC65 /* TRDataFMDBHeaders.h */,
				42ACD7E11FEBB7EB0011FC65 /* TRDataFMDBManager.h */,
				42ACD7E21FEBB7EB0011FC65 /* TRDataFMDBManager.m */,
				42ACD7E31FEBB7EB0011FC65 /* TRDataFMDBModel+FileStorage.h */,
				42ACD7E41FEBB7EB0011FC65 /* TRDataFMDBModel+FileStorage.m */,
				42ACD7E51FEBB7EB0011FC65 /* TRDataFMDBModel.h */,
				42ACD7E61FEBB7EB0011FC65 /* TRDataFMDBModel.m */,
			);
			path = TRFMDBModel;
			sourceTree = "<group>";
		};
		5751D813E7795273F5095AF4 /* Frameworks */ = {
			isa = PBXGroup;
			children = (
				69C427D4F8B7069892FFBA10 /* libPods-TRDataFMDBModel.a */,
			);
			name = Frameworks;
			sourceTree = "<group>";
		};
		58149102B798D8308F49BE28 /* Pods */ = {
			isa = PBXGroup;
			children = (
				33DF22AE7B55722B7EAC9975 /* Pods-TRDataFMDBModel.debug.xcconfig */,
				89D1DF5FFD62F3C495C5B1F1 /* Pods-TRDataFMDBModel.release.xcconfig */,
			);
			name = Pods;
			sourceTree = "<group>";
		};
/* End PBXGroup section */

/* Begin PBXNativeTarget section */
		42ACD7A81FEBB7370011FC65 /* TRDataFMDBModel */ = {
			isa = PBXNativeTarget;
			buildConfigurationList = 42ACD7BF1FEBB7370011FC65 /* Build configuration list for PBXNativeTarget "TRDataFMDBModel" */;
			buildPhases = (
				4D88F84E20CB4C1E796AAE72 /* [CP] Check Pods Manifest.lock */,
				42ACD7A51FEBB7370011FC65 /* Sources */,
				42ACD7A61FEBB7370011FC65 /* Frameworks */,
				42ACD7A71FEBB7370011FC65 /* Resources */,
				3E3878612D612397403E0577 /* [CP] Embed Pods Frameworks */,
				F642ED68902613F9E2643347 /* [CP] Copy Pods Resources */,
			);
			buildRules = (
			);
			dependencies = (
			);
			name = TRDataFMDBModel;
			productName = TRDataFMDBModel;
			productReference = 42ACD7A91FEBB7370011FC65 /* TRDataFMDBModel.app */;
			productType = "com.apple.product-type.application";
		};
/* End PBXNativeTarget section */

/* Begin PBXProject section */
		42ACD7A11FEBB7370011FC65 /* Project object */ = {
			isa = PBXProject;
			attributes = {
				LastUpgradeCheck = 0920;
				ORGANIZATIONNAME = ZYW;
				TargetAttributes = {
					42ACD7A81FEBB7370011FC65 = {
						CreatedOnToolsVersion = 9.2;
						ProvisioningStyle = Automatic;
					};
				};
			};
			buildConfigurationList = 42ACD7A41FEBB7370011FC65 /* Build configuration list for PBXProject "TRDataFMDBModel" */;
			compatibilityVersion = "Xcode 8.0";
			developmentRegion = en;
			hasScannedForEncodings = 0;
			knownRegions = (
				en,
				Base,
			);
			mainGroup = 42ACD7A01FEBB7370011FC65;
			productRefGroup = 42ACD7AA1FEBB7370011FC65 /* Products */;
			projectDirPath = "";
			projectRoot = "";
			targets = (
				42ACD7A81FEBB7370011FC65 /* TRDataFMDBModel */,
			);
		};
/* End PBXProject section */

/* Begin PBXResourcesBuildPhase section */
		42ACD7A71FEBB7370011FC65 /* Resources */ = {
			isa = PBXResourcesBuildPhase;
			buildActionMask = 2147483647;
			files = (
				42ACD7B91FEBB7370011FC65 /* LaunchScreen.storyboard in Resources */,
				42ACD7B61FEBB7370011FC65 /* Assets.xcassets in Resources */,
				42ACD7B41FEBB7370011FC65 /* Main.storyboard in Resources */,
			);
			runOnlyForDeploymentPostprocessing = 0;
		};
/* End PBXResourcesBuildPhase section */

/* Begin PBXShellScriptBuildPhase section */
		3E3878612D612397403E0577 /* [CP] Embed Pods Frameworks */ = {
			isa = PBXShellScriptBuildPhase;
			buildActionMask = 2147483647;
			files = (
			);
			inputPaths = (
			);
			name = "[CP] Embed Pods Frameworks";
			outputPaths = (
			);
			runOnlyForDeploymentPostprocessing = 0;
			shellPath = /bin/sh;
			shellScript = "\"${SRCROOT}/Pods/Target Support Files/Pods-TRDataFMDBModel/Pods-TRDataFMDBModel-frameworks.sh\"\n";
			showEnvVarsInLog = 0;
		};
		4D88F84E20CB4C1E796AAE72 /* [CP] Check Pods Manifest.lock */ = {
			isa = PBXShellScriptBuildPhase;
			buildActionMask = 2147483647;
			files = (
			);
			inputPaths = (
				"${PODS_PODFILE_DIR_PATH}/Podfile.lock",
				"${PODS_ROOT}/Manifest.lock",
			);
			name = "[CP] Check Pods Manifest.lock";
			outputPaths = (
				"$(DERIVED_FILE_DIR)/Pods-TRDataFMDBModel-checkManifestLockResult.txt",
			);
			runOnlyForDeploymentPostprocessing = 0;
			shellPath = /bin/sh;
			shellScript = "diff \"${PODS_PODFILE_DIR_PATH}/Podfile.lock\" \"${PODS_ROOT}/Manifest.lock\" > /dev/null\nif [ $? != 0 ] ; then\n    # print error to STDERR\n    echo \"error: The sandbox is not in sync with the Podfile.lock. Run 'pod install' or update your CocoaPods installation.\" >&2\n    exit 1\nfi\n# This output is used by Xcode 'outputs' to avoid re-running this script phase.\necho \"SUCCESS\" > \"${SCRIPT_OUTPUT_FILE_0}\"\n";
			showEnvVarsInLog = 0;
		};
		F642ED68902613F9E2643347 /* [CP] Copy Pods Resources */ = {
			isa = PBXShellScriptBuildPhase;
			buildActionMask = 2147483647;
			files = (
			);
			inputPaths = (
			);
			name = "[CP] Copy Pods Resources";
			outputPaths = (
			);
			runOnlyForDeploymentPostprocessing = 0;
			shellPath = /bin/sh;
			shellScript = "\"${SRCROOT}/Pods/Target Support Files/Pods-TRDataFMDBModel/Pods-TRDataFMDBModel-resources.sh\"\n";
			showEnvVarsInLog = 0;
		};
/* End PBXShellScriptBuildPhase section */

/* Begin PBXSourcesBuildPhase section */
		42ACD7A51FEBB7370011FC65 /* Sources */ = {
			isa = PBXSourcesBuildPhase;
			buildActionMask = 2147483647;
			files = (
				42ACD7B11FEBB7370011FC65 /* ViewController.m in Sources */,
				42ACD7E81FEBB7EB0011FC65 /* TRDataFMDBManager.m in Sources */,
				42ACD7BC1FEBB7370011FC65 /* main.m in Sources */,
				42ACD7E91FEBB7EB0011FC65 /* TRDataFMDBModel+FileStorage.m in Sources */,
				42ACD7ED1FEBB9F00011FC65 /* demoModel.m in Sources */,
				42ACD7E71FEBB7EB0011FC65 /* TRDataFMDBFileUtility.m in Sources */,
				42ACD7AE1FEBB7370011FC65 /* AppDelegate.m in Sources */,
				42ACD7EA1FEBB7EB0011FC65 /* TRDataFMDBModel.m in Sources */,
			);
			runOnlyForDeploymentPostprocessing = 0;
		};
/* End PBXSourcesBuildPhase section */

/* Begin PBXVariantGroup section */
		42ACD7B21FEBB7370011FC65 /* Main.storyboard */ = {
			isa = PBXVariantGroup;
			children = (
				42ACD7B31FEBB7370011FC65 /* Base */,
			);
			name = Main.storyboard;
			sourceTree = "<group>";
		};
		42ACD7B71FEBB7370011FC65 /* LaunchScreen.storyboard */ = {
			isa = PBXVariantGroup;
			children = (
				42ACD7B81FEBB7370011FC65 /* Base */,
			);
			name = LaunchScreen.storyboard;
			sourceTree = "<group>";
		};
/* End PBXVariantGroup section */

/* Begin XCBuildConfiguration section */
		42ACD7BD1FEBB7370011FC65 /* Debug */ = {
			isa = XCBuildConfiguration;
			buildSettings = {
				ALWAYS_SEARCH_USER_PATHS = NO;
				CLANG_ANALYZER_NONNULL = YES;
				CLANG_ANALYZER_NUMBER_OBJECT_CONVERSION = YES_AGGRESSIVE;
				CLANG_CXX_LANGUAGE_STANDARD = "gnu++14";
				CLANG_CXX_LIBRARY = "libc++";
				CLANG_ENABLE_MODULES = YES;
				CLANG_ENABLE_OBJC_ARC = YES;
				CLANG_WARN_BLOCK_CAPTURE_AUTORELEASING = YES;
				CLANG_WARN_BOOL_CONVERSION = YES;
				CLANG_WARN_COMMA = YES;
				CLANG_WARN_CONSTANT_CONVERSION = YES;
				CLANG_WARN_DIRECT_OBJC_ISA_USAGE = YES_ERROR;
				CLANG_WARN_DOCUMENTATION_COMMENTS = YES;
				CLANG_WARN_EMPTY_BODY = YES;
				CLANG_WARN_ENUM_CONVERSION = YES;
				CLANG_WARN_INFINITE_RECURSION = YES;
				CLANG_WARN_INT_CONVERSION = YES;
				CLANG_WARN_NON_LITERAL_NULL_CONVERSION = YES;
				CLANG_WARN_OBJC_LITERAL_CONVERSION = YES;
				CLANG_WARN_OBJC_ROOT_CLASS = YES_ERROR;
				CLANG_WARN_RANGE_LOOP_ANALYSIS = YES;
				CLANG_WARN_STRICT_PROTOTYPES = YES;
				CLANG_WARN_SUSPICIOUS_MOVE = YES;
				CLANG_WARN_UNGUARDED_AVAILABILITY = YES_AGGRESSIVE;
				CLANG_WARN_UNREACHABLE_CODE = YES;
				CLANG_WARN__DUPLICATE_METHOD_MATCH = YES;
				CODE_SIGN_IDENTITY = "iPhone Developer";
				COPY_PHASE_STRIP = NO;
				DEBUG_INFORMATION_FORMAT = dwarf;
				ENABLE_STRICT_OBJC_MSGSEND = YES;
				ENABLE_TESTABILITY = YES;
				GCC_C_LANGUAGE_STANDARD = gnu11;
				GCC_DYNAMIC_NO_PIC = NO;
				GCC_NO_COMMON_BLOCKS = YES;
				GCC_OPTIMIZATION_LEVEL = 0;
				GCC_PREPROCESSOR_DEFINITIONS = (
					"DEBUG=1",
					"$(inherited)",
				);
				GCC_WARN_64_TO_32_BIT_CONVERSION = YES;
				GCC_WARN_ABOUT_RETURN_TYPE = YES_ERROR;
				GCC_WARN_UNDECLARED_SELECTOR = YES;
				GCC_WARN_UNINITIALIZED_AUTOS = YES_AGGRESSIVE;
				GCC_WARN_UNUSED_FUNCTION = YES;
				GCC_WARN_UNUSED_VARIABLE = YES;
				IPHONEOS_DEPLOYMENT_TARGET = 11.2;
				MTL_ENABLE_DEBUG_INFO = YES;
				ONLY_ACTIVE_ARCH = YES;
				SDKROOT = iphoneos;
			};
			name = Debug;
		};
		42ACD7BE1FEBB7370011FC65 /* Release */ = {
			isa = XCBuildConfiguration;
			buildSettings = {
				ALWAYS_SEARCH_USER_PATHS = NO;
				CLANG_ANALYZER_NONNULL = YES;
				CLANG_ANALYZER_NUMBER_OBJECT_CONVERSION = YES_AGGRESSIVE;
				CLANG_CXX_LANGUAGE_STANDARD = "gnu++14";
				CLANG_CXX_LIBRARY = "libc++";
				CLANG_ENABLE_MODULES = YES;
				CLANG_ENABLE_OBJC_ARC = YES;
				CLANG_WARN_BLOCK_CAPTURE_AUTORELEASING = YES;
				CLANG_WARN_BOOL_CONVERSION = YES;
				CLANG_WARN_COMMA = YES;
				CLANG_WARN_CONSTANT_CONVERSION = YES;
				CLANG_WARN_DIRECT_OBJC_ISA_USAGE = YES_ERROR;
				CLANG_WARN_DOCUMENTATION_COMMENTS = YES;
				CLANG_WARN_EMPTY_BODY = YES;
				CLANG_WARN_ENUM_CONVERSION = YES;
				CLANG_WARN_INFINITE_RECURSION = YES;
				CLANG_WARN_INT_CONVERSION = YES;
				CLANG_WARN_NON_LITERAL_NULL_CONVERSION = YES;
				CLANG_WARN_OBJC_LITERAL_CONVERSION = YES;
				CLANG_WARN_OBJC_ROOT_CLASS = YES_ERROR;
				CLANG_WARN_RANGE_LOOP_ANALYSIS = YES;
				CLANG_WARN_STRICT_PROTOTYPES = YES;
				CLANG_WARN_SUSPICIOUS_MOVE = YES;
				CLANG_WARN_UNGUARDED_AVAILABILITY = YES_AGGRESSIVE;
				CLANG_WARN_UNREACHABLE_CODE = YES;
				CLANG_WARN__DUPLICATE_METHOD_MATCH = YES;
				CODE_SIGN_IDENTITY = "iPhone Developer";
				COPY_PHASE_STRIP = NO;
				DEBUG_INFORMATION_FORMAT = "dwarf-with-dsym";
				ENABLE_NS_ASSERTIONS = NO;
				ENABLE_STRICT_OBJC_MSGSEND = YES;
				GCC_C_LANGUAGE_STANDARD = gnu11;
				GCC_NO_COMMON_BLOCKS = YES;
				GCC_WARN_64_TO_32_BIT_CONVERSION = YES;
				GCC_WARN_ABOUT_RETURN_TYPE = YES_ERROR;
				GCC_WARN_UNDECLARED_SELECTOR = YES;
				GCC_WARN_UNINITIALIZED_AUTOS = YES_AGGRESSIVE;
				GCC_WARN_UNUSED_FUNCTION = YES;
				GCC_WARN_UNUSED_VARIABLE = YES;
				IPHONEOS_DEPLOYMENT_TARGET = 11.2;
				MTL_ENABLE_DEBUG_INFO = NO;
				SDKROOT = iphoneos;
				VALIDATE_PRODUCT = YES;
			};
			name = Release;
		};
		42ACD7C01FEBB7370011FC65 /* Debug */ = {
			isa = XCBuildConfiguration;
			baseConfigurationReference = 33DF22AE7B55722B7EAC9975 /* Pods-TRDataFMDBModel.debug.xcconfig */;
			buildSettings = {
				ASSETCATALOG_COMPILER_APPICON_NAME = AppIcon;
				CODE_SIGN_STYLE = Automatic;
				DEVELOPMENT_TEAM = F7G5APLTWY;
				INFOPLIST_FILE = TRDataFMDBModel/Info.plist;
				LD_RUNPATH_SEARCH_PATHS = "$(inherited) @executable_path/Frameworks";
				PRODUCT_BUNDLE_IDENTIFIER = com.zyw.TRDataFMDBModel;
				PRODUCT_NAME = "$(TARGET_NAME)";
				TARGETED_DEVICE_FAMILY = "1,2";
			};
			name = Debug;
		};
		42ACD7C11FEBB7370011FC65 /* Release */ = {
			isa = XCBuildConfiguration;
			baseConfigurationReference = 89D1DF5FFD62F3C495C5B1F1 /* Pods-TRDataFMDBModel.release.xcconfig */;
			buildSettings = {
				ASSETCATALOG_COMPILER_APPICON_NAME = AppIcon;
				CODE_SIGN_STYLE = Automatic;
				DEVELOPMENT_TEAM = F7G5APLTWY;
				INFOPLIST_FILE = TRDataFMDBModel/Info.plist;
				LD_RUNPATH_SEARCH_PATHS = "$(inherited) @executable_path/Frameworks";
				PRODUCT_BUNDLE_IDENTIFIER = com.zyw.TRDataFMDBModel;
				PRODUCT_NAME = "$(TARGET_NAME)";
				TARGETED_DEVICE_FAMILY = "1,2";
			};
			name = Release;
		};
/* End XCBuildConfiguration section */

/* Begin XCConfigurationList section */
		42ACD7A41FEBB7370011FC65 /* Build configuration list for PBXProject "TRDataFMDBModel" */ = {
			isa = XCConfigurationList;
			buildConfigurations = (
				42ACD7BD1FEBB7370011FC65 /* Debug */,
				42ACD7BE1FEBB7370011FC65 /* Release */,
			);
			defaultConfigurationIsVisible = 0;
			defaultConfigurationName = Release;
		};
		42ACD7BF1FEBB7370011FC65 /* Build configuration list for PBXNativeTarget "TRDataFMDBModel" */ = {
			isa = XCConfigurationList;
			buildConfigurations = (
				42ACD7C01FEBB7370011FC65 /* Debug */,
				42ACD7C11FEBB7370011FC65 /* Release */,
			);
			defaultConfigurationIsVisible = 0;
			defaultConfigurationName = Release;
		};
/* End XCConfigurationList section */
	};
	rootObject = 42ACD7A11FEBB7370011FC65 /* Project object */;
}
